lockfileVersion: '9.0'

settings:
  autoInstallPeers: true
  excludeLinksFromLockfile: false

importers:

  .:
    dependencies:
      '@hono/node-server':
        specifier: ^2.0.4
        version: 2.0.4(hono@4.12.23)
      hono:
        specifier: ^4.12.23
        version: 4.12.23
      lucide:
        specifier: ^1.16.0
        version: 1.16.0

packages:

  '@hono/node-server@2.0.4':
    resolution: {integrity: sha512-Ut3y0dMMPWy6bZ2kVfx25EOVbZlm15dhF4mOsezMlhpNHy+4MkU1qN9Y6lnruYi4wPmFzimGX2X7LF/FwHli4A==}
    engines: {node: '>=20'}
    peerDependencies:
      hono: ^4

  hono@4.12.23:
    resolution: {integrity: sha512-eIaZ9qDgu7XV0pxOCrg7/WhnQ6Ivm22UcxhXx/A3dcbqbbYgBEkc6e/J/s7j2tS96zoB0S9VBdLwQNCWwUo4LA==}
    engines: {node: '>=16.9.0'}

  lucide@1.16.0:
    resolution: {integrity: sha512-20QvduCJTB7e7K9WVvoLBuKPsYZ8d6ptwe9PIdTFiZmjVTPdFWQreBNyNCM9QQtGnqHR0PLiEQdxyhYsL1LdoA==}

snapshots:

  '@hono/node-server@2.0.4(hono@4.12.23)':
    dependencies:
      hono: 4.12.23

  hono@4.12.23: {}

  lucide@1.16.0: {}
